
Microsoft Visual Studio Solution File, Format Version 12.00
# Visual Studio 15
VisualStudioVersion = 15.0.28307.421
MinimumVisualStudioVersion = 10.0.40219.1
Project("{FAE04EC0-301F-11D3-BF4B-00C04F79EFBC}") = "SearchASCIITool", "SearchASCIITool\SearchASCIITool.csproj", "{D498A5E3-4D7A-434C-8DB6-6FEFEFD0A282}"
EndProject
Global
	GlobalSection(SolutionConfigurationPlatforms) = preSolution
		Debug|Any CPU = Debug|Any CPU
		Release|Any CPU = Release|Any CPU
	EndGlobalSection
	GlobalSection(ProjectConfigurationPlatforms) = postSolution
		{D498A5E3-4D7A-434C-8DB6-6FEFEFD0A282}.Debug|Any CPU.ActiveCfg = Debug|Any CPU
		{D498A5E3-4D7A-434C-8DB6-6FEFEFD0A282}.Debug|Any CPU.Build.0 = Debug|Any CPU
		{D498A5E3-4D7A-434C-8DB6-6FEFEFD0A282}.Release|Any CPU.ActiveCfg = Release|Any CPU
		{D498A5E3-4D7A-434C-8DB6-6FEFEFD0A282}.Release|Any CPU.Build.0 = Release|Any CPU
	EndGlobalSection
	GlobalSection(SolutionProperties) = preSolution
		HideSolutionNode = FALSE
	EndGlobalSection
	GlobalSection(ExtensibilityGlobals) = postSolution
		SolutionGuid = {E0934C1F-B6C0-40C9-8DF4-E026A44BFDAC}
	EndGlobalSection
EndGlobal
